{
  "name": "ms-identity-react-c4s2",
  "version": "0.1.0",
  "lockfileVersion": 1,
  "requires": true,
  "dependencies": {
    "@azure/msal-browser": {
      "version": "2.14.1",
      "resolved": "https://registry.npmjs.org/@azure/msal-browser/-/msal-browser-2.14.1.tgz",
      "integrity": "sha512-J2YgonII+/ureLk7jZddup15y5QlR1bj9dLSIcIluwn9l1TdqZXfbwvMeLgd2xmMPIuEKVyRwUkw2QMxZ7lehQ==",
      "requires": {
        "@azure/msal-common": "^4.2.1"
      }
    },
    "@azure/msal-common": {
      "version": "4.2.1",
      "resolved": "https://registry.npmjs.org/@azure/msal-common/-/msal-common-4.2.1.tgz",
      "integrity": "sha512-f6na0yqY+rUJ54m79TmFbG8BH1nFvlW+ETtYUGdZpJUO+/RgDVnRzkoj5PVQd6y7czKYlrBRetAcZEE+yGh+/g==",
      "requires": {
        "debug": "^4.1.1"
      }
    },
    "@azure/msal-react": {
      "version": "1.0.0-beta.2",
      "resolved": "https://registry.npmjs.org/@azure/msal-react/-/msal-react-1.0.0-beta.2.tgz",
      "integrity": "sha512-uJDO+ugfW7iMj/bPd4HFM80/P6ETyy4klJQeSSQPAb1tGtvQeIVtNX7Ihf2MvD6U2Z4/B2/suQ3JFKyeL7pVqg=="
    },
    "debug": {
      "version": "4.3.1",
      "resolved": "https://registry.npmjs.org/debug/-/debug-4.3.1.tgz",
      "integrity": "sha512-doEwdvm4PCeK4K3RQN2ZC2BYUBaxwLARCqZmMjtF8a51J2Rb0xpVloFRnCODwqjpwnAoao4pelN8l3RJdv3gRQ==",
      "requires": {
        "ms": "2.1.2"
      }
    },
    "ms": {
      "version": "2.1.2",
      "resolved": "https://registry.npmjs.org/ms/-/ms-2.1.2.tgz",
      "integrity": "sha512-sGkPx+VjMtmA6MX27oA4FBFELFCZZ4S4XqeGOXCv68tT+jb3vk/RyaKWP0PTKyWtmLSM0b+adUTEvbs1PEaH2w=="
    }
  }
}
