{
  "name": "ms-identity-react-c4s2",
  "version": "0.1.0",
  "lockfileVersion": 1,
  "requires": true,
  "dependencies": {
    "@azure/msal-browser": {
      "version": "2.12.0",
      "resolved": "https://registry.npmjs.org/@azure/msal-browser/-/msal-browser-2.12.0.tgz",
      "integrity": "sha512-yBbP/1W3bMTvRIZ7QAKiS3Euz+8NpRQ0rpqvbkT/UPu6uoCKOkHpIjYpRYa67O5wMavwjHobW7fESqVw6tDGkg==",
      "requires": {
        "@azure/msal-common": "^4.0.2"
      }
    },
    "@azure/msal-common": {
      "version": "4.0.2",
      "resolved": "https://registry.npmjs.org/@azure/msal-common/-/msal-common-4.0.2.tgz",
      "integrity": "sha512-Z6FiDV+uWUZ4jcchRciKYYYKRWOc0sh/UaF5evfx7lXEp/8+KxO7cY1efgD7VOK75FkpRI5YyUzZAdX7I7sTAg==",
      "requires": {
        "debug": "^4.1.1"
      }
    },
    "@azure/msal-react": {
      "version": "1.0.0-beta.0",
      "resolved": "https://registry.npmjs.org/@azure/msal-react/-/msal-react-1.0.0-beta.0.tgz",
      "integrity": "sha512-2e0TbNCT6ty1pjfORE0l4C6iJ4x+FK8BgI1pf08xYkd8T9LXAlyjJPK0cUpbqmwb82O036uuuZ410jHItSeOEA=="
    },
    "debug": {
      "version": "4.3.1",
      "resolved": "https://registry.npmjs.org/debug/-/debug-4.3.1.tgz",
      "integrity": "sha512-doEwdvm4PCeK4K3RQN2ZC2BYUBaxwLARCqZmMjtF8a51J2Rb0xpVloFRnCODwqjpwnAoao4pelN8l3RJdv3gRQ==",
      "requires": {
        "ms": "2.1.2"
      }
    },
    "ms": {
      "version": "2.1.2",
      "resolved": "https://registry.npmjs.org/ms/-/ms-2.1.2.tgz",
      "integrity": "sha512-sGkPx+VjMtmA6MX27oA4FBFELFCZZ4S4XqeGOXCv68tT+jb3vk/RyaKWP0PTKyWtmLSM0b+adUTEvbs1PEaH2w=="
    }
  }
}
